// !$*UTF8*$!
{
	archiveVersion = 1;
	classes = {
	};
	objectVersion = 46;
	objects = {

/* Begin PBXBuildFile section */
		3B219A6D1B663BDF005260DC /* AppDelegate.swift in Sources */ = {isa = PBXBuildFile; fileRef = 3B219A6C1B663BDF005260DC /* AppDelegate.swift */; };
		3B219A6F1B663BDF005260DC /* ViewController.swift in Sources */ = {isa = PBXBuildFile; fileRef = 3B219A6E1B663BDF005260DC /* ViewController.swift */; };
		3B219A721B663BDF005260DC /* Main.storyboard in Resources */ = {isa = PBXBuildFile; fileRef = 3B219A701B663BDF005260DC /* Main.storyboard */; };
		3B219A741B663BDF005260DC /* Images.xcassets in Resources */ = {isa = PBXBuildFile; fileRef = 3B219A731B663BDF005260DC /* Images.xcassets */; };
		3B219A771B663BDF005260DC /* LaunchScreen.xib in Resources */ = {isa = PBXBuildFile; fileRef = 3B219A751B663BDF005260DC /* LaunchScreen.xib */; };
		3B219A831B663BDF005260DC /* TestProjectTests.swift in Sources */ = {isa = PBXBuildFile; fileRef = 3B219A821B663BDF005260DC /* TestProjectTests.swift */; };
/* End PBXBuildFile section */

/* Begin PBXContainerItemProxy section */
		3B219A7D1B663BDF005260DC /* PBXContainerItemProxy */ = {
			isa = PBXContainerItemProxy;
			containerPortal = 3B219A5F1B663BDE005260DC /* Project object */;
			proxyType = 1;
			remoteGlobalIDString = 3B219A661B663BDE005260DC;
			remoteInfo = TestProject;
		};
/* End PBXContainerItemProxy section */

/* Begin PBXFileReference section */
		3B219A671B663BDF005260DC /* TestProject.app */ = {isa = PBXFileReference; explicitFileType = wrapper.application; includeInIndex = 0; path = TestProject.app; sourceTree = BUILT_PRODUCTS_DIR; };
		3B219A6B1B663BDF005260DC /* Info.plist */ = {isa = PBXFileReference; lastKnownFileType = text.plist.xml; path = Info.plist; sourceTree = "<group>"; };
		3B219A6C1B663BDF005260DC /* AppDelegate.swift */ = {isa = PBXFileReference; lastKnownFileType = sourcecode.swift; path = AppDelegate.swift; sourceTree = "<group>"; };
		3B219A6E1B663BDF005260DC /* ViewController.swift */ = {isa = PBXFileReference; lastKnownFileType = sourcecode.swift; path = ViewController.swift; sourceTree = "<group>"; };
		3B219A711B663BDF005260DC /* Base */ = {isa = PBXFileReference; lastKnownFileType = file.storyboard; name = Base; path = Base.lproj/Main.storyboard; sourceTree = "<group>"; };
		3B219A731B663BDF005260DC /* Images.xcassets */ = {isa = PBXFileReference; lastKnownFileType = folder.assetcatalog; path = Images.xcassets; sourceTree = "<group>"; };
		3B219A761B663BDF005260DC /* Base */ = {isa = PBXFileReference; lastKnownFileType = file.xib; name = Base; path = Base.lproj/LaunchScreen.xib; sourceTree = "<group>"; };
		3B219A7C1B663BDF005260DC /* TestProjectTests.xctest */ = {isa = PBXFileReference; explicitFileType = wrapper.cfbundle; includeInIndex = 0; path = TestProjectTests.xctest; sourceTree = BUILT_PRODUCTS_DIR; };
		3B219A811B663BDF005260DC /* Info.plist */ = {isa = PBXFileReference; lastKnownFileType = text.plist.xml; path = Info.plist; sourceTree = "<group>"; };
		3B219A821B663BDF005260DC /* TestProjectTests.swift */ = {isa = PBXFileReference; lastKnownFileType = sourcecode.swift; path = TestProjectTests.swift; sourceTree = "<group>"; };
/* End PBXFileReference section */

/* Begin PBXFrameworksBuildPhase section */
		3B219A641B663BDE005260DC /* Frameworks */ = {
			isa = PBXFrameworksBuildPhase;
			buildActionMask = 2147483647;
			files = (
			);
			runOnlyForDeploymentPostprocessing = 0;
		};
		3B219A791B663BDF005260DC /* Frameworks */ = {
			isa = PBXFrameworksBuildPhase;
			buildActionMask = 2147483647;
			files = (
			);
			runOnlyForDeploymentPostprocessing = 0;
		};
/* End PBXFrameworksBuildPhase section */

/* Begin PBXGroup section */
		3B219A5E1B663BDE005260DC = {
			isa = PBXGroup;
			children = (
				3B219A691B663BDF005260DC /* TestProject */,
				3B219A7F1B663BDF005260DC /* TestProjectTests */,
				3B219A681B663BDF005260DC /* Products */,
			);
			sourceTree = "<group>";
		};
		3B219A681B663BDF005260DC /* Products */ = {
			isa = PBXGroup;
			children = (
				3B219A671B663BDF005260DC /* TestProject.app */,
				3B219A7C1B663BDF005260DC /* TestProjectTests.xctest */,
			);
			name = Products;
			sourceTree = "<group>";
		};
		3B219A691B663BDF005260DC /* TestProject */ = {
			isa = PBXGroup;
			children = (
				3B219A6C1B663BDF005260DC /* AppDelegate.swift */,
				3B219A6E1B663BDF005260DC /* ViewController.swift */,
				3B219A701B663BDF005260DC /* Main.storyboard */,
				3B219A731B663BDF005260DC /* Images.xcassets */,
				3B219A751B663BDF005260DC /* LaunchScreen.xib */,
				3B219A6A1B663BDF005260DC /* Supporting Files */,
			);
			path = TestProject;
			sourceTree = "<group>";
		};
		3B219A6A1B663BDF005260DC /* Supporting Files */ = {
			isa = PBXGroup;
			children = (
				3B219A6B1B663BDF005260DC /* Info.plist */,
			);
			name = "Supporting Files";
			sourceTree = "<group>";
		};
		3B219A7F1B663BDF005260DC /* TestProjectTests */ = {
			isa = PBXGroup;
			children = (
				3B219A821B663BDF005260DC /* TestProjectTests.swift */,
				3B219A801B663BDF005260DC /* Supporting Files */,
			);
			path = TestProjectTests;
			sourceTree = "<group>";
		};
		3B219A801B663BDF005260DC /* Supporting Files */ = {
			isa = PBXGroup;
			children = (
				3B219A811B663BDF005260DC /* Info.plist */,
			);
			name = "Supporting Files";
			sourceTree = "<group>";
		};
/* End PBXGroup section */

/* Begin PBXNativeTarget section */
		3B219A661B663BDE005260DC /* TestProject */ = {
			isa = PBXNativeTarget;
			buildConfigurationList = 3B219A861B663BDF005260DC /* Build configuration list for PBXNativeTarget "TestProject" */;
			buildPhases = (
				3B219A631B663BDE005260DC /* Sources */,
				3B219A641B663BDE005260DC /* Frameworks */,
				3B219A651B663BDE005260DC /* Resources */,
			);
			buildRules = (
			);
			dependencies = (
			);
			name = TestProject;
			productName = TestProject;
			productReference = 3B219A671B663BDF005260DC /* TestProject.app */;
			productType = "com.apple.product-type.application";
		};
		3B219A7B1B663BDF005260DC /* TestProjectTests */ = {
			isa = PBXNativeTarget;
			buildConfigurationList = 3B219A891B663BDF005260DC /* Build configuration list for PBXNativeTarget "TestProjectTests" */;
			buildPhases = (
				3B219A781B663BDF005260DC /* Sources */,
				3B219A791B663BDF005260DC /* Frameworks */,
				3B219A7A1B663BDF005260DC /* Resources */,
			);
			buildRules = (
			);
			dependencies = (
				3B219A7E1B663BDF005260DC /* PBXTargetDependency */,
			);
			name = TestProjectTests;
			productName = TestProjectTests;
			productReference = 3B219A7C1B663BDF005260DC /* TestProjectTests.xctest */;
			productType = "com.apple.product-type.bundle.unit-test";
		};
/* End PBXNativeTarget section */

/* Begin PBXProject section */
		3B219A5F1B663BDE005260DC /* Project object */ = {
			isa = PBXProject;
			attributes = {
				LastUpgradeCheck = 0640;
				ORGANIZATIONNAME = "James Riley";
				TargetAttributes = {
					3B219A661B663BDE005260DC = {
						CreatedOnToolsVersion = 6.4;
					};
					3B219A7B1B663BDF005260DC = {
						CreatedOnToolsVersion = 6.4;
						TestTargetID = 3B219A661B663BDE005260DC;
					};
				};
			};
			buildConfigurationList = 3B219A621B663BDE005260DC /* Build configuration list for PBXProject "TestProject" */;
			compatibilityVersion = "Xcode 3.2";
			developmentRegion = English;
			hasScannedForEncodings = 0;
			knownRegions = (
				en,
				Base,
			);
			mainGroup = 3B219A5E1B663BDE005260DC;
			productRefGroup = 3B219A681B663BDF005260DC /* Products */;
			projectDirPath = "";
			projectRoot = "";
			targets = (
				3B219A661B663BDE005260DC /* TestProject */,
				3B219A7B1B663BDF005260DC /* TestProjectTests */,
			);
		};
/* End PBXProject section */

/* Begin PBXResourcesBuildPhase section */
		3B219A651B663BDE005260DC /* Resources */ = {
			isa = PBXResourcesBuildPhase;
			buildActionMask = 2147483647;
			files = (
				3B219A721B663BDF005260DC /* Main.storyboard in Resources */,
				3B219A771B663BDF005260DC /* LaunchScreen.xib in Resources */,
				3B219A741B663BDF005260DC /* Images.xcassets in Resources */,
			);
			runOnlyForDeploymentPostprocessing = 0;
		};
		3B219A7A1B663BDF005260DC /* Resources */ = {
			isa = PBXResourcesBuildPhase;
			buildActionMask = 2147483647;
			files = (
			);
			runOnlyForDeploymentPostprocessing = 0;
		};
/* End PBXResourcesBuildPhase section */

/* Begin PBXSourcesBuildPhase section */
		3B219A631B663BDE005260DC /* Sources */ = {
			isa = PBXSourcesBuildPhase;
			buildActionMask = 2147483647;
			files = (
				3B219A6F1B663BDF005260DC /* ViewController.swift in Sources */,
				3B219A6D1B663BDF005260DC /* AppDelegate.swift in Sources */,
			);
			runOnlyForDeploymentPostprocessing = 0;
		};
		3B219A781B663BDF005260DC /* Sources */ = {
			isa = PBXSourcesBuildPhase;
			buildActionMask = 2147483647;
			files = (
				3B219A831B663BDF005260DC /* TestProjectTests.swift in Sources */,
			);
			runOnlyForDeploymentPostprocessing = 0;
		};
/* End PBXSourcesBuildPhase section */

/* Begin PBXTargetDependency section */
		3B219A7E1B663BDF005260DC /* PBXTargetDependency */ = {
			isa = PBXTargetDependency;
			target = 3B219A661B663BDE005260DC /* TestProject */;
			targetProxy = 3B219A7D1B663BDF005260DC /* PBXContainerItemProxy */;
		};
/* End PBXTargetDependency section */

/* Begin PBXVariantGroup section */
		3B219A701B663BDF005260DC /* Main.storyboard */ = {
			isa = PBXVariantGroup;
			children = (
				3B219A711B663BDF005260DC /* Base */,
			);
			name = Main.storyboard;
			sourceTree = "<group>";
		};
		3B219A751B663BDF005260DC /* LaunchScreen.xib */ = {
			isa = PBXVariantGroup;
			children = (
				3B219A761B663BDF005260DC /* Base */,
			);
			name = LaunchScreen.xib;
			sourceTree = "<group>";
		};
/* End PBXVariantGroup section */

/* Begin XCBuildConfiguration section */
		3B219A841B663BDF005260DC /* Debug */ = {
			isa = XCBuildConfiguration;
			buildSettings = {
				ALWAYS_SEARCH_USER_PATHS = NO;
				CLANG_CXX_LANGUAGE_STANDARD = "gnu++0x";
				CLANG_CXX_LIBRARY = "libc++";
				CLANG_ENABLE_MODULES = YES;
				CLANG_ENABLE_OBJC_ARC = YES;
				CLANG_WARN_BOOL_CONVERSION = YES;
				CLANG_WARN_CONSTANT_CONVERSION = YES;
				CLANG_WARN_DIRECT_OBJC_ISA_USAGE = YES_ERROR;
				CLANG_WARN_EMPTY_BODY = YES;
				CLANG_WARN_ENUM_CONVERSION = YES;
				CLANG_WARN_INT_CONVERSION = YES;
				CLANG_WARN_OBJC_ROOT_CLASS = YES_ERROR;
				CLANG_WARN_UNREACHABLE_CODE = YES;
				CLANG_WARN__DUPLICATE_METHOD_MATCH = YES;
				"CODE_SIGN_IDENTITY[sdk=iphoneos*]" = "iPhone Developer";
				COPY_PHASE_STRIP = NO;
				DEBUG_INFORMATION_FORMAT = "dwarf-with-dsym";
				ENABLE_STRICT_OBJC_MSGSEND = YES;
				GCC_C_LANGUAGE_STANDARD = gnu99;
				GCC_DYNAMIC_NO_PIC = NO;
				GCC_NO_COMMON_BLOCKS = YES;
				GCC_OPTIMIZATION_LEVEL = 0;
				GCC_PREPROCESSOR_DEFINITIONS = (
					"DEBUG=1",
					"$(inherited)",
				);
				GCC_SYMBOLS_PRIVATE_EXTERN = NO;
				GCC_WARN_64_TO_32_BIT_CONVERSION = YES;
				GCC_WARN_ABOUT_RETURN_TYPE = YES_ERROR;
				GCC_WARN_UNDECLARED_SELECTOR = YES;
				GCC_WARN_UNINITIALIZED_AUTOS = YES_AGGRESSIVE;
				GCC_WARN_UNUSED_FUNCTION = YES;
				GCC_WARN_UNUSED_VARIABLE = YES;
				IPHONEOS_DEPLOYMENT_TARGET = 8.4;
				MTL_ENABLE_DEBUG_INFO = YES;
				ONLY_ACTIVE_ARCH = YES;
				SDKROOT = iphoneos;
				SWIFT_OPTIMIZATION_LEVEL = "-Onone";
				TARGETED_DEVICE_FAMILY = "1,2";
			};
			name = Debug;
		};
		3B219A851B663BDF005260DC /* Release */ = {
			isa = XCBuildConfiguration;
			buildSettings = {
				ALWAYS_SEARCH_USER_PATHS = NO;
				CLANG_CXX_LANGUAGE_STANDARD = "gnu++0x";
				CLANG_CXX_LIBRARY = "libc++";
				CLANG_ENABLE_MODULES = YES;
				CLANG_ENABLE_OBJC_ARC = YES;
				CLANG_WARN_BOOL_CONVERSION = YES;
				CLANG_WARN_CONSTANT_CONVERSION = YES;
				CLANG_WARN_DIRECT_OBJC_ISA_USAGE = YES_ERROR;
				CLANG_WARN_EMPTY_BODY = YES;
				CLANG_WARN_ENUM_CONVERSION = YES;
				CLANG_WARN_INT_CONVERSION = YES;
				CLANG_WARN_OBJC_ROOT_CLASS = YES_ERROR;
				CLANG_WARN_UNREACHABLE_CODE = YES;
				CLANG_WARN__DUPLICATE_METHOD_MATCH = YES;
				"CODE_SIGN_IDENTITY[sdk=iphoneos*]" = "iPhone Developer";
				COPY_PHASE_STRIP = NO;
				DEBUG_INFORMATION_FORMAT = "dwarf-with-dsym";
				ENABLE_NS_ASSERTIONS = NO;
				ENABLE_STRICT_OBJC_MSGSEND = YES;
				GCC_C_LANGUAGE_STANDARD = gnu99;
				GCC_NO_COMMON_BLOCKS = YES;
				GCC_WARN_64_TO_32_BIT_CONVERSION = YES;
				GCC_WARN_ABOUT_RETURN_TYPE = YES_ERROR;
				GCC_WARN_UNDECLARED_SELECTOR = YES;
				GCC_WARN_UNINITIALIZED_AUTOS = YES_AGGRESSIVE;
				GCC_WARN_UNUSED_FUNCTION = YES;
				GCC_WARN_UNUSED_VARIABLE = YES;
				IPHONEOS_DEPLOYMENT_TARGET = 8.4;
				MTL_ENABLE_DEBUG_INFO = NO;
				SDKROOT = iphoneos;
				TARGETED_DEVICE_FAMILY = "1,2";
				VALIDATE_PRODUCT = YES;
			};
			name = Release;
		};
		3B219A871B663BDF005260DC /* Debug */ = {
			isa = XCBuildConfiguration;
			buildSettings = {
				ASSETCATALOG_COMPILER_APPICON_NAME = AppIcon;
				INFOPLIST_FILE = TestProject/Info.plist;
				LD_RUNPATH_SEARCH_PATHS = "$(inherited) @executable_path/Frameworks";
				PRODUCT_NAME = "$(TARGET_NAME)";
			};
			name = Debug;
		};
		3B219A881B663BDF005260DC /* Release */ = {
			isa = XCBuildConfiguration;
			buildSettings = {
				ASSETCATALOG_COMPILER_APPICON_NAME = AppIcon;
				INFOPLIST_FILE = TestProject/Info.plist;
				LD_RUNPATH_SEARCH_PATHS = "$(inherited) @executable_path/Frameworks";
				PRODUCT_NAME = "$(TARGET_NAME)";
			};
			name = Release;
		};
		3B219A8A1B663BDF005260DC /* Debug */ = {
			isa = XCBuildConfiguration;
			buildSettings = {
				BUNDLE_LOADER = "$(TEST_HOST)";
				FRAMEWORK_SEARCH_PATHS = (
					"$(SDKROOT)/Developer/Library/Frameworks",
					"$(inherited)",
				);
				GCC_PREPROCESSOR_DEFINITIONS = (
					"DEBUG=1",
					"$(inherited)",
				);
				INFOPLIST_FILE = TestProjectTests/Info.plist;
				LD_RUNPATH_SEARCH_PATHS = "$(inherited) @executable_path/Frameworks @loader_path/Frameworks";
				PRODUCT_NAME = "$(TARGET_NAME)";
				TEST_HOST = "$(BUILT_PRODUCTS_DIR)/TestProject.app/TestProject";
			};
			name = Debug;
		};
		3B219A8B1B663BDF005260DC /* Release */ = {
			isa = XCBuildConfiguration;
			buildSettings = {
				BUNDLE_LOADER = "$(TEST_HOST)";
				FRAMEWORK_SEARCH_PATHS = (
					"$(SDKROOT)/Developer/Library/Frameworks",
					"$(inherited)",
				);
				INFOPLIST_FILE = TestProjectTests/Info.plist;
				LD_RUNPATH_SEARCH_PATHS = "$(inherited) @executable_path/Frameworks @loader_path/Frameworks";
				PRODUCT_NAME = "$(TARGET_NAME)";
				TEST_HOST = "$(BUILT_PRODUCTS_DIR)/TestProject.app/TestProject";
			};
			name = Release;
		};
/* End XCBuildConfiguration section */

/* Begin XCConfigurationList section */
		3B219A621B663BDE005260DC /* Build configuration list for PBXProject "TestProject" */ = {
			isa = XCConfigurationList;
			buildConfigurations = (
				3B219A841B663BDF005260DC /* Debug */,
				3B219A851B663BDF005260DC /* Release */,
			);
			defaultConfigurationIsVisible = 0;
			defaultConfigurationName = Release;
		};
		3B219A861B663BDF005260DC /* Build configuration list for PBXNativeTarget "TestProject" */ = {
			isa = XCConfigurationList;
			buildConfigurations = (
				3B219A871B663BDF005260DC /* Debug */,
				3B219A881B663BDF005260DC /* Release */,
			);
			defaultConfigurationIsVisible = 0;
		};
		3B219A891B663BDF005260DC /* Build configuration list for PBXNativeTarget "TestProjectTests" */ = {
			isa = XCConfigurationList;
			buildConfigurations = (
				3B219A8A1B663BDF005260DC /* Debug */,
				3B219A8B1B663BDF005260DC /* Release */,
			);
			defaultConfigurationIsVisible = 0;
		};
/* End XCConfigurationList section */
	};
	rootObject = 3B219A5F1B663BDE005260DC /* Project object */;
}
